
Microsoft Visual Studio Solution File, Format Version 12.00
# Visual Studio Version 17
VisualStudioVersion = 17.2.32616.157
MinimumVisualStudioVersion = 10.0.40219.1
Project("{FAE04EC0-301F-11D3-BF4B-00C04F79EFBC}") = "LeaveManagementWeb", "LeaveManagementWeb\LeaveManagementWeb.csproj", "{F2D36276-AFC6-41B2-9C80-91B9DB012A04}"
EndProject
Global
	GlobalSection(SolutionConfigurationPlatforms) = preSolution
		Debug|Any CPU = Debug|Any CPU
		Release|Any CPU = Release|Any CPU
	EndGlobalSection
	GlobalSection(ProjectConfigurationPlatforms) = postSolution
		{F2D36276-AFC6-41B2-9C80-91B9DB012A04}.Debug|Any CPU.ActiveCfg = Debug|Any CPU
		{F2D36276-AFC6-41B2-9C80-91B9DB012A04}.Debug|Any CPU.Build.0 = Debug|Any CPU
		{F2D36276-AFC6-41B2-9C80-91B9DB012A04}.Release|Any CPU.ActiveCfg = Release|Any CPU
		{F2D36276-AFC6-41B2-9C80-91B9DB012A04}.Release|Any CPU.Build.0 = Release|Any CPU
	EndGlobalSection
	GlobalSection(SolutionProperties) = preSolution
		HideSolutionNode = FALSE
	EndGlobalSection
	GlobalSection(ExtensibilityGlobals) = postSolution
		SolutionGuid = {5F45C284-FB2C-4416-BAB1-75A35FD51E5A}
	EndGlobalSection
EndGlobal
